
Microsoft Visual Studio Solution File, Format Version 12.00
# Visual Studio 2012
Project("{FAE04EC0-301F-11D3-BF4B-00C04F79EFBC}") = "BinaryTree", "BinaryTree\BinaryTree.csproj", "{4FFB91FE-D8DD-40DB-AED1-00128B7A3BA9}"
EndProject
Project("{FAE04EC0-301F-11D3-BF4B-00C04F79EFBC}") = "LinkedList", "LinkedList\LinkedList.csproj", "{7458DBF7-F88E-4CB0-86B4-52C29BBDF37C}"
EndProject
Global
	GlobalSection(SolutionConfigurationPlatforms) = preSolution
		Debug|x86 = Debug|x86
		Release|x86 = Release|x86
	EndGlobalSection
	GlobalSection(ProjectConfigurationPlatforms) = postSolution
		{4FFB91FE-D8DD-40DB-AED1-00128B7A3BA9}.Debug|x86.ActiveCfg = Debug|x86
		{4FFB91FE-D8DD-40DB-AED1-00128B7A3BA9}.Debug|x86.Build.0 = Debug|x86
		{4FFB91FE-D8DD-40DB-AED1-00128B7A3BA9}.Release|x86.ActiveCfg = Release|x86
		{4FFB91FE-D8DD-40DB-AED1-00128B7A3BA9}.Release|x86.Build.0 = Release|x86
		{7458DBF7-F88E-4CB0-86B4-52C29BBDF37C}.Debug|x86.ActiveCfg = Debug|Any CPU
		{7458DBF7-F88E-4CB0-86B4-52C29BBDF37C}.Debug|x86.Build.0 = Debug|Any CPU
		{7458DBF7-F88E-4CB0-86B4-52C29BBDF37C}.Release|x86.ActiveCfg = Release|Any CPU
		{7458DBF7-F88E-4CB0-86B4-52C29BBDF37C}.Release|x86.Build.0 = Release|Any CPU
	EndGlobalSection
EndGlobal
