Microsoft Visual Studio Solution File, Format Version 12.00
# Visual Studio 15
VisualStudioVersion = 15.0.28307.960
MinimumVisualStudioVersion = 10.0.40219.1
Project("{FAE04EC0-301F-11D3-BF4B-00C04F79EFBC}") = "Tree", "BinaryTree\Tree.csproj", "{4FFB91FE-D8DD-40DB-AED1-00128B7A3BA9}"
EndProject
Project("{FAE04EC0-301F-11D3-BF4B-00C04F79EFBC}") = "LinkedList", "LinkedList\LinkedList.csproj", "{7458DBF7-F88E-4CB0-86B4-52C29BBDF37C}"
EndProject
Project("{FAE04EC0-301F-11D3-BF4B-00C04F79EFBC}") = "BinaryHeap", "BinaryHeap\BinaryHeap.csproj", "{88EAF043-5CDC-4AB9-A88F-CDCC6790757C}"
EndProject
Project("{FAE04EC0-301F-11D3-BF4B-00C04F79EFBC}") = "Hashing", "Hashing\Hashing.csproj", "{AA82A964-958B-4D0E-B58A-3A87A4395D61}"
EndProject
Project("{FAE04EC0-301F-11D3-BF4B-00C04F79EFBC}") = "Graph", "Graph\Graph.csproj", "{BE5EC0A3-B4A8-476C-9983-DE3D90DB40EB}"
EndProject
Project("{FAE04EC0-301F-11D3-BF4B-00C04F79EFBC}") = "XOR_LinkedList", "XOR_LinkedList\XOR_LinkedList.csproj", "{FC95736A-82AD-48C6-86C0-4D3F35D03830}"
EndProject
Global
	GlobalSection(SolutionConfigurationPlatforms) = preSolution
		Debug|Any CPU = Debug|Any CPU
		Debug|x86 = Debug|x86
		Release|Any CPU = Release|Any CPU
		Release|x86 = Release|x86
	EndGlobalSection
	GlobalSection(ProjectConfigurationPlatforms) = postSolution
		{4FFB91FE-D8DD-40DB-AED1-00128B7A3BA9}.Debug|Any CPU.ActiveCfg = Debug|x86
		{4FFB91FE-D8DD-40DB-AED1-00128B7A3BA9}.Debug|x86.ActiveCfg = Debug|x86
		{4FFB91FE-D8DD-40DB-AED1-00128B7A3BA9}.Debug|x86.Build.0 = Debug|x86
		{4FFB91FE-D8DD-40DB-AED1-00128B7A3BA9}.Release|Any CPU.ActiveCfg = Release|x86
		{4FFB91FE-D8DD-40DB-AED1-00128B7A3BA9}.Release|x86.ActiveCfg = Release|x86
		{4FFB91FE-D8DD-40DB-AED1-00128B7A3BA9}.Release|x86.Build.0 = Release|x86
		{7458DBF7-F88E-4CB0-86B4-52C29BBDF37C}.Debug|Any CPU.ActiveCfg = Debug|Any CPU
		{7458DBF7-F88E-4CB0-86B4-52C29BBDF37C}.Debug|Any CPU.Build.0 = Debug|Any CPU
		{7458DBF7-F88E-4CB0-86B4-52C29BBDF37C}.Debug|x86.ActiveCfg = Debug|Any CPU
		{7458DBF7-F88E-4CB0-86B4-52C29BBDF37C}.Debug|x86.Build.0 = Debug|Any CPU
		{7458DBF7-F88E-4CB0-86B4-52C29BBDF37C}.Release|Any CPU.ActiveCfg = Release|Any CPU
		{7458DBF7-F88E-4CB0-86B4-52C29BBDF37C}.Release|Any CPU.Build.0 = Release|Any CPU
		{7458DBF7-F88E-4CB0-86B4-52C29BBDF37C}.Release|x86.ActiveCfg = Release|Any CPU
		{7458DBF7-F88E-4CB0-86B4-52C29BBDF37C}.Release|x86.Build.0 = Release|Any CPU
		{88EAF043-5CDC-4AB9-A88F-CDCC6790757C}.Debug|Any CPU.ActiveCfg = Debug|Any CPU
		{88EAF043-5CDC-4AB9-A88F-CDCC6790757C}.Debug|Any CPU.Build.0 = Debug|Any CPU
		{88EAF043-5CDC-4AB9-A88F-CDCC6790757C}.Debug|x86.ActiveCfg = Debug|Any CPU
		{88EAF043-5CDC-4AB9-A88F-CDCC6790757C}.Debug|x86.Build.0 = Debug|Any CPU
		{88EAF043-5CDC-4AB9-A88F-CDCC6790757C}.Release|Any CPU.ActiveCfg = Release|Any CPU
		{88EAF043-5CDC-4AB9-A88F-CDCC6790757C}.Release|Any CPU.Build.0 = Release|Any CPU
		{88EAF043-5CDC-4AB9-A88F-CDCC6790757C}.Release|x86.ActiveCfg = Release|Any CPU
		{88EAF043-5CDC-4AB9-A88F-CDCC6790757C}.Release|x86.Build.0 = Release|Any CPU
		{AA82A964-958B-4D0E-B58A-3A87A4395D61}.Debug|Any CPU.ActiveCfg = Debug|Any CPU
		{AA82A964-958B-4D0E-B58A-3A87A4395D61}.Debug|Any CPU.Build.0 = Debug|Any CPU
		{AA82A964-958B-4D0E-B58A-3A87A4395D61}.Debug|x86.ActiveCfg = Debug|Any CPU
		{AA82A964-958B-4D0E-B58A-3A87A4395D61}.Debug|x86.Build.0 = Debug|Any CPU
		{AA82A964-958B-4D0E-B58A-3A87A4395D61}.Release|Any CPU.ActiveCfg = Release|Any CPU
		{AA82A964-958B-4D0E-B58A-3A87A4395D61}.Release|Any CPU.Build.0 = Release|Any CPU
		{AA82A964-958B-4D0E-B58A-3A87A4395D61}.Release|x86.ActiveCfg = Release|Any CPU
		{AA82A964-958B-4D0E-B58A-3A87A4395D61}.Release|x86.Build.0 = Release|Any CPU
		{BE5EC0A3-B4A8-476C-9983-DE3D90DB40EB}.Debug|Any CPU.ActiveCfg = Debug|Any CPU
		{BE5EC0A3-B4A8-476C-9983-DE3D90DB40EB}.Debug|Any CPU.Build.0 = Debug|Any CPU
		{BE5EC0A3-B4A8-476C-9983-DE3D90DB40EB}.Debug|x86.ActiveCfg = Debug|Any CPU
		{BE5EC0A3-B4A8-476C-9983-DE3D90DB40EB}.Debug|x86.Build.0 = Debug|Any CPU
		{BE5EC0A3-B4A8-476C-9983-DE3D90DB40EB}.Release|Any CPU.ActiveCfg = Release|Any CPU
		{BE5EC0A3-B4A8-476C-9983-DE3D90DB40EB}.Release|Any CPU.Build.0 = Release|Any CPU
		{BE5EC0A3-B4A8-476C-9983-DE3D90DB40EB}.Release|x86.ActiveCfg = Release|Any CPU
		{BE5EC0A3-B4A8-476C-9983-DE3D90DB40EB}.Release|x86.Build.0 = Release|Any CPU
		{FC95736A-82AD-48C6-86C0-4D3F35D03830}.Debug|Any CPU.ActiveCfg = Debug|Any CPU
		{FC95736A-82AD-48C6-86C0-4D3F35D03830}.Debug|Any CPU.Build.0 = Debug|Any CPU
		{FC95736A-82AD-48C6-86C0-4D3F35D03830}.Debug|x86.ActiveCfg = Debug|Any CPU
		{FC95736A-82AD-48C6-86C0-4D3F35D03830}.Debug|x86.Build.0 = Debug|Any CPU
		{FC95736A-82AD-48C6-86C0-4D3F35D03830}.Release|Any CPU.ActiveCfg = Release|Any CPU
		{FC95736A-82AD-48C6-86C0-4D3F35D03830}.Release|Any CPU.Build.0 = Release|Any CPU
		{FC95736A-82AD-48C6-86C0-4D3F35D03830}.Release|x86.ActiveCfg = Release|Any CPU
		{FC95736A-82AD-48C6-86C0-4D3F35D03830}.Release|x86.Build.0 = Release|Any CPU
	EndGlobalSection
	GlobalSection(SolutionProperties) = preSolution
		HideSolutionNode = FALSE
	EndGlobalSection
	GlobalSection(ExtensibilityGlobals) = postSolution
		SolutionGuid = {20824283-1B3D-4E0D-AF75-4797ABBAC747}
	EndGlobalSection
EndGlobal
